
Microsoft Visual Studio Solution File, Format Version 12.00
# Visual Studio Version 16
VisualStudioVersion = 16.0.29009.5
MinimumVisualStudioVersion = 10.0.40219.1
Project("{9A19103F-16F7-4668-BE54-9A1E7A4F7556}") = "DDCore", "src\DDCore\DDCore.csproj", "{701F8D92-E04D-44B5-8AA4-5840D0013D7A}"
EndProject
Global
	GlobalSection(SolutionConfigurationPlatforms) = preSolution
		Debug|Any CPU = Debug|Any CPU
		Release|Any CPU = Release|Any CPU
	EndGlobalSection
	GlobalSection(ProjectConfigurationPlatforms) = postSolution
		{701F8D92-E04D-44B5-8AA4-5840D0013D7A}.Debug|Any CPU.ActiveCfg = Debug|Any CPU
		{701F8D92-E04D-44B5-8AA4-5840D0013D7A}.Debug|Any CPU.Build.0 = Debug|Any CPU
		{701F8D92-E04D-44B5-8AA4-5840D0013D7A}.Release|Any CPU.ActiveCfg = Release|Any CPU
		{701F8D92-E04D-44B5-8AA4-5840D0013D7A}.Release|Any CPU.Build.0 = Release|Any CPU
	EndGlobalSection
	GlobalSection(SolutionProperties) = preSolution
		HideSolutionNode = FALSE
	EndGlobalSection
	GlobalSection(ExtensibilityGlobals) = postSolution
		SolutionGuid = {3F808510-04B0-43FB-9E28-38C9182AAD00}
	EndGlobalSection
EndGlobal
