
Microsoft Visual Studio Solution File, Format Version 12.00
# Visual Studio Version 16
VisualStudioVersion = 16.0.29009.5
MinimumVisualStudioVersion = 10.0.40219.1
Project("{9A19103F-16F7-4668-BE54-9A1E7A4F7556}") = "DDCore", "src\DDCore\DDCore.csproj", "{701F8D92-E04D-44B5-8AA4-5840D0013D7A}"
EndProject
Project("{2150E333-8FDC-42A3-9474-1A3956D46DE8}") = "Demo", "Demo", "{7BBD5AE1-9CFC-461D-8103-5F14CD193313}"
EndProject
Project("{00D1A9C2-B5F0-4AF3-8072-F6C62B433612}") = "ShopDb", "demosrc\ShopDb\ShopDb.sqlproj", "{CD30F8CC-CAD2-4084-B2B6-2CB4CAF5FDDD}"
EndProject
Project("{2150E333-8FDC-42A3-9474-1A3956D46DE8}") = "Solution Items", "Solution Items", "{58D16794-F819-4846-B29D-92B6BCDF5138}"
	ProjectSection(SolutionItems) = preProject
		.editorconfig = .editorconfig
	EndProjectSection
EndProject
Project("{9A19103F-16F7-4668-BE54-9A1E7A4F7556}") = "DDCore.Tests", "src\DDCore.Tests\DDCore.Tests.csproj", "{41881390-16AA-43DC-B574-042C966DABDA}"
EndProject
Project("{9A19103F-16F7-4668-BE54-9A1E7A4F7556}") = "ShopWeb", "demosrc\ShopWeb\ShopWeb.csproj", "{77DC3FA2-7C18-439F-A849-E93393918259}"
EndProject
Project("{9A19103F-16F7-4668-BE54-9A1E7A4F7556}") = "ShopData", "demosrc\ShopData\ShopData.csproj", "{D9EA09CA-3AAF-4D55-93DB-0F5458A4EDB5}"
EndProject
Project("{2150E333-8FDC-42A3-9474-1A3956D46DE8}") = "Tests", "Tests", "{CD7243B3-AB87-4800-B41F-3FA1A85A2EA4}"
EndProject
Project("{2150E333-8FDC-42A3-9474-1A3956D46DE8}") = "Database", "Database", "{BD799147-E930-44AE-A87E-B42E26D4255F}"
EndProject
Project("{9A19103F-16F7-4668-BE54-9A1E7A4F7556}") = "ShopServices", "demosrc\ShopServices\ShopServices.csproj", "{944449B2-4945-4DB2-8AEB-469CCCFF706C}"
EndProject
Project("{9A19103F-16F7-4668-BE54-9A1E7A4F7556}") = "Shop", "demosrc\Shop\Shop.csproj", "{DA1BB70F-CD7B-4869-A054-EBD61106CEC1}"
EndProject
Project("{9A19103F-16F7-4668-BE54-9A1E7A4F7556}") = "ShopTests", "demosrc\ShopTests\ShopTests.csproj", "{4217ED96-C56C-4E65-8768-C6BC92E14CAD}"
EndProject
Global
	GlobalSection(SolutionConfigurationPlatforms) = preSolution
		Debug|Any CPU = Debug|Any CPU
		Release|Any CPU = Release|Any CPU
	EndGlobalSection
	GlobalSection(ProjectConfigurationPlatforms) = postSolution
		{701F8D92-E04D-44B5-8AA4-5840D0013D7A}.Debug|Any CPU.ActiveCfg = Debug|Any CPU
		{701F8D92-E04D-44B5-8AA4-5840D0013D7A}.Debug|Any CPU.Build.0 = Debug|Any CPU
		{701F8D92-E04D-44B5-8AA4-5840D0013D7A}.Release|Any CPU.ActiveCfg = Release|Any CPU
		{701F8D92-E04D-44B5-8AA4-5840D0013D7A}.Release|Any CPU.Build.0 = Release|Any CPU
		{CD30F8CC-CAD2-4084-B2B6-2CB4CAF5FDDD}.Debug|Any CPU.ActiveCfg = Debug|Any CPU
		{CD30F8CC-CAD2-4084-B2B6-2CB4CAF5FDDD}.Debug|Any CPU.Build.0 = Debug|Any CPU
		{CD30F8CC-CAD2-4084-B2B6-2CB4CAF5FDDD}.Debug|Any CPU.Deploy.0 = Debug|Any CPU
		{CD30F8CC-CAD2-4084-B2B6-2CB4CAF5FDDD}.Release|Any CPU.ActiveCfg = Release|Any CPU
		{CD30F8CC-CAD2-4084-B2B6-2CB4CAF5FDDD}.Release|Any CPU.Build.0 = Release|Any CPU
		{CD30F8CC-CAD2-4084-B2B6-2CB4CAF5FDDD}.Release|Any CPU.Deploy.0 = Release|Any CPU
		{41881390-16AA-43DC-B574-042C966DABDA}.Debug|Any CPU.ActiveCfg = Debug|Any CPU
		{41881390-16AA-43DC-B574-042C966DABDA}.Debug|Any CPU.Build.0 = Debug|Any CPU
		{41881390-16AA-43DC-B574-042C966DABDA}.Release|Any CPU.ActiveCfg = Release|Any CPU
		{41881390-16AA-43DC-B574-042C966DABDA}.Release|Any CPU.Build.0 = Release|Any CPU
		{77DC3FA2-7C18-439F-A849-E93393918259}.Debug|Any CPU.ActiveCfg = Debug|Any CPU
		{77DC3FA2-7C18-439F-A849-E93393918259}.Debug|Any CPU.Build.0 = Debug|Any CPU
		{77DC3FA2-7C18-439F-A849-E93393918259}.Release|Any CPU.ActiveCfg = Release|Any CPU
		{77DC3FA2-7C18-439F-A849-E93393918259}.Release|Any CPU.Build.0 = Release|Any CPU
		{D9EA09CA-3AAF-4D55-93DB-0F5458A4EDB5}.Debug|Any CPU.ActiveCfg = Debug|Any CPU
		{D9EA09CA-3AAF-4D55-93DB-0F5458A4EDB5}.Debug|Any CPU.Build.0 = Debug|Any CPU
		{D9EA09CA-3AAF-4D55-93DB-0F5458A4EDB5}.Release|Any CPU.ActiveCfg = Release|Any CPU
		{D9EA09CA-3AAF-4D55-93DB-0F5458A4EDB5}.Release|Any CPU.Build.0 = Release|Any CPU
		{944449B2-4945-4DB2-8AEB-469CCCFF706C}.Debug|Any CPU.ActiveCfg = Debug|Any CPU
		{944449B2-4945-4DB2-8AEB-469CCCFF706C}.Debug|Any CPU.Build.0 = Debug|Any CPU
		{944449B2-4945-4DB2-8AEB-469CCCFF706C}.Release|Any CPU.ActiveCfg = Release|Any CPU
		{944449B2-4945-4DB2-8AEB-469CCCFF706C}.Release|Any CPU.Build.0 = Release|Any CPU
		{DA1BB70F-CD7B-4869-A054-EBD61106CEC1}.Debug|Any CPU.ActiveCfg = Debug|Any CPU
		{DA1BB70F-CD7B-4869-A054-EBD61106CEC1}.Debug|Any CPU.Build.0 = Debug|Any CPU
		{DA1BB70F-CD7B-4869-A054-EBD61106CEC1}.Release|Any CPU.ActiveCfg = Release|Any CPU
		{DA1BB70F-CD7B-4869-A054-EBD61106CEC1}.Release|Any CPU.Build.0 = Release|Any CPU
		{4217ED96-C56C-4E65-8768-C6BC92E14CAD}.Debug|Any CPU.ActiveCfg = Debug|Any CPU
		{4217ED96-C56C-4E65-8768-C6BC92E14CAD}.Debug|Any CPU.Build.0 = Debug|Any CPU
		{4217ED96-C56C-4E65-8768-C6BC92E14CAD}.Release|Any CPU.ActiveCfg = Release|Any CPU
		{4217ED96-C56C-4E65-8768-C6BC92E14CAD}.Release|Any CPU.Build.0 = Release|Any CPU
	EndGlobalSection
	GlobalSection(SolutionProperties) = preSolution
		HideSolutionNode = FALSE
	EndGlobalSection
	GlobalSection(NestedProjects) = preSolution
		{CD30F8CC-CAD2-4084-B2B6-2CB4CAF5FDDD} = {BD799147-E930-44AE-A87E-B42E26D4255F}
		{77DC3FA2-7C18-439F-A849-E93393918259} = {7BBD5AE1-9CFC-461D-8103-5F14CD193313}
		{D9EA09CA-3AAF-4D55-93DB-0F5458A4EDB5} = {7BBD5AE1-9CFC-461D-8103-5F14CD193313}
		{CD7243B3-AB87-4800-B41F-3FA1A85A2EA4} = {7BBD5AE1-9CFC-461D-8103-5F14CD193313}
		{BD799147-E930-44AE-A87E-B42E26D4255F} = {7BBD5AE1-9CFC-461D-8103-5F14CD193313}
		{944449B2-4945-4DB2-8AEB-469CCCFF706C} = {7BBD5AE1-9CFC-461D-8103-5F14CD193313}
		{DA1BB70F-CD7B-4869-A054-EBD61106CEC1} = {7BBD5AE1-9CFC-461D-8103-5F14CD193313}
		{4217ED96-C56C-4E65-8768-C6BC92E14CAD} = {CD7243B3-AB87-4800-B41F-3FA1A85A2EA4}
	EndGlobalSection
	GlobalSection(ExtensibilityGlobals) = postSolution
		SolutionGuid = {3F808510-04B0-43FB-9E28-38C9182AAD00}
	EndGlobalSection
EndGlobal
